
Microsoft Visual Studio Solution File, Format Version 12.00
# Visual Studio Version 16
VisualStudioVersion = 16.0.29911.84
MinimumVisualStudioVersion = 10.0.40219.1
Project("{9A19103F-16F7-4668-BE54-9A1E7A4F7556}") = "SearchByGrade", "SearchByGrade\SearchByGrade.csproj", "{FE7E210F-0A0D-4F2B-B353-C749B0D978B2}"
EndProject
Project("{FAE04EC0-301F-11D3-BF4B-00C04F79EFBC}") = "SearchByGrade.Tests", "SearchByGrade.Tests\SearchByGrade.Tests.csproj", "{DDAE272F-80B4-4F50-8D15-6142F5632A7C}"
EndProject
Global
	GlobalSection(SolutionConfigurationPlatforms) = preSolution
		Debug|Any CPU = Debug|Any CPU
		Release|Any CPU = Release|Any CPU
	EndGlobalSection
	GlobalSection(ProjectConfigurationPlatforms) = postSolution
		{FE7E210F-0A0D-4F2B-B353-C749B0D978B2}.Debug|Any CPU.ActiveCfg = Debug|Any CPU
		{FE7E210F-0A0D-4F2B-B353-C749B0D978B2}.Debug|Any CPU.Build.0 = Debug|Any CPU
		{FE7E210F-0A0D-4F2B-B353-C749B0D978B2}.Release|Any CPU.ActiveCfg = Release|Any CPU
		{FE7E210F-0A0D-4F2B-B353-C749B0D978B2}.Release|Any CPU.Build.0 = Release|Any CPU
		{DDAE272F-80B4-4F50-8D15-6142F5632A7C}.Debug|Any CPU.ActiveCfg = Debug|Any CPU
		{DDAE272F-80B4-4F50-8D15-6142F5632A7C}.Debug|Any CPU.Build.0 = Debug|Any CPU
		{DDAE272F-80B4-4F50-8D15-6142F5632A7C}.Release|Any CPU.ActiveCfg = Release|Any CPU
		{DDAE272F-80B4-4F50-8D15-6142F5632A7C}.Release|Any CPU.Build.0 = Release|Any CPU
	EndGlobalSection
	GlobalSection(SolutionProperties) = preSolution
		HideSolutionNode = FALSE
	EndGlobalSection
	GlobalSection(ExtensibilityGlobals) = postSolution
		SolutionGuid = {4D0BC290-43E1-423F-8294-F169CF85958C}
	EndGlobalSection
EndGlobal
